
Microsoft Visual Studio Solution File, Format Version 12.00
# Visual Studio Version 16
VisualStudioVersion = 16.0.29102.190
MinimumVisualStudioVersion = 10.0.40219.1
Project("{2150E333-8FDC-42A3-9474-1A3956D46DE8}") = "Application", "Application", "{4E4CB4D2-198C-4528-BA97-F704827053F5}"
EndProject
Project("{2150E333-8FDC-42A3-9474-1A3956D46DE8}") = "Domain", "Domain", "{FA170012-DABA-4A01-9EE0-80C3CD5BA251}"
EndProject
Project("{2150E333-8FDC-42A3-9474-1A3956D46DE8}") = "Infra.IoC", "Infra.IoC", "{7D943F28-BE4C-42E4-AE5E-31130D09B8B0}"
EndProject
Project("{2150E333-8FDC-42A3-9474-1A3956D46DE8}") = "Infra.Data", "Infra.Data", "{CF8DF33B-3D44-4410-8C9C-E6FC5312DAB5}"
EndProject
Project("{2150E333-8FDC-42A3-9474-1A3956D46DE8}") = "Presentation", "Presentation", "{EC1F0735-C20B-44CE-87B3-D86BE77E806E}"
EndProject
Project("{9A19103F-16F7-4668-BE54-9A1E7A4F7556}") = "CleanArch.Mvc", "CleanArch.Mvc\CleanArch.Mvc.csproj", "{487825D8-2737-4898-AA1A-B4F197DC3074}"
EndProject
Project("{9A19103F-16F7-4668-BE54-9A1E7A4F7556}") = "CleanArch.Domain", "CleanArch.Domain\CleanArch.Domain.csproj", "{358D7E8A-9575-4DC9-90B2-8901D9294CA5}"
EndProject
Project("{FAE04EC0-301F-11D3-BF4B-00C04F79EFBC}") = "CleanArch.Infra.Data", "CleanArch.Infra.Data\CleanArch.Infra.Data.csproj", "{59AF31FB-955D-4E89-83E4-5E6AC4A378D5}"
EndProject
Project("{FAE04EC0-301F-11D3-BF4B-00C04F79EFBC}") = "CleanArch.Application", "CleanArch.Application\CleanArch.Application.csproj", "{658EE099-9F18-4E19-AC54-653F29E7538E}"
EndProject
Global
	GlobalSection(SolutionConfigurationPlatforms) = preSolution
		Debug|Any CPU = Debug|Any CPU
		Release|Any CPU = Release|Any CPU
	EndGlobalSection
	GlobalSection(ProjectConfigurationPlatforms) = postSolution
		{487825D8-2737-4898-AA1A-B4F197DC3074}.Debug|Any CPU.ActiveCfg = Debug|Any CPU
		{487825D8-2737-4898-AA1A-B4F197DC3074}.Debug|Any CPU.Build.0 = Debug|Any CPU
		{487825D8-2737-4898-AA1A-B4F197DC3074}.Release|Any CPU.ActiveCfg = Release|Any CPU
		{487825D8-2737-4898-AA1A-B4F197DC3074}.Release|Any CPU.Build.0 = Release|Any CPU
		{358D7E8A-9575-4DC9-90B2-8901D9294CA5}.Debug|Any CPU.ActiveCfg = Debug|Any CPU
		{358D7E8A-9575-4DC9-90B2-8901D9294CA5}.Debug|Any CPU.Build.0 = Debug|Any CPU
		{358D7E8A-9575-4DC9-90B2-8901D9294CA5}.Release|Any CPU.ActiveCfg = Release|Any CPU
		{358D7E8A-9575-4DC9-90B2-8901D9294CA5}.Release|Any CPU.Build.0 = Release|Any CPU
		{59AF31FB-955D-4E89-83E4-5E6AC4A378D5}.Debug|Any CPU.ActiveCfg = Debug|Any CPU
		{59AF31FB-955D-4E89-83E4-5E6AC4A378D5}.Debug|Any CPU.Build.0 = Debug|Any CPU
		{59AF31FB-955D-4E89-83E4-5E6AC4A378D5}.Release|Any CPU.ActiveCfg = Release|Any CPU
		{59AF31FB-955D-4E89-83E4-5E6AC4A378D5}.Release|Any CPU.Build.0 = Release|Any CPU
		{658EE099-9F18-4E19-AC54-653F29E7538E}.Debug|Any CPU.ActiveCfg = Debug|Any CPU
		{658EE099-9F18-4E19-AC54-653F29E7538E}.Debug|Any CPU.Build.0 = Debug|Any CPU
		{658EE099-9F18-4E19-AC54-653F29E7538E}.Release|Any CPU.ActiveCfg = Release|Any CPU
		{658EE099-9F18-4E19-AC54-653F29E7538E}.Release|Any CPU.Build.0 = Release|Any CPU
	EndGlobalSection
	GlobalSection(SolutionProperties) = preSolution
		HideSolutionNode = FALSE
	EndGlobalSection
	GlobalSection(NestedProjects) = preSolution
		{487825D8-2737-4898-AA1A-B4F197DC3074} = {EC1F0735-C20B-44CE-87B3-D86BE77E806E}
		{358D7E8A-9575-4DC9-90B2-8901D9294CA5} = {FA170012-DABA-4A01-9EE0-80C3CD5BA251}
		{59AF31FB-955D-4E89-83E4-5E6AC4A378D5} = {CF8DF33B-3D44-4410-8C9C-E6FC5312DAB5}
		{658EE099-9F18-4E19-AC54-653F29E7538E} = {4E4CB4D2-198C-4528-BA97-F704827053F5}
	EndGlobalSection
	GlobalSection(ExtensibilityGlobals) = postSolution
		SolutionGuid = {2F3BD00A-2509-4090-92E3-FC1522B68AEC}
	EndGlobalSection
EndGlobal
